# THIS IS AN AUTOGENERATED FILE. DO NOT EDIT THIS FILE DIRECTLY.
# yarn lockfile v1


pnpm@^7.5.0:
  version "7.5.0"
  resolved "https://registry.npmmirror.com/pnpm/-/pnpm-7.5.0.tgz#d9fda828c036a7284bb8aa04c545691029dc75ae"
  integrity sha512-sb9wJNyx/d8l3Gze2jI1y8BGNbb/ga+JT3SrGNiH+C5KbtZ4wmgePBWGjaiGugcpT9+vQ5MO//+QlVWhMCpedQ==
